
Microsoft Visual Studio Solution File, Format Version 12.00
# Visual Studio Version 17
VisualStudioVersion = 17.11.35327.3
MinimumVisualStudioVersion = 10.0.40219.1
Project("{FAE04EC0-301F-11D3-BF4B-00C04F79EFBC}") = "ProjetoAulaInicial", "ProjetoAulaInicial\ProjetoAulaInicial.csproj", "{407663C9-7A36-4CDA-8B7E-0E2DC39610CF}"
EndProject
Global
	GlobalSection(SolutionConfigurationPlatforms) = preSolution
		Debug|Any CPU = Debug|Any CPU
		Release|Any CPU = Release|Any CPU
	EndGlobalSection
	GlobalSection(ProjectConfigurationPlatforms) = postSolution
		{407663C9-7A36-4CDA-8B7E-0E2DC39610CF}.Debug|Any CPU.ActiveCfg = Debug|Any CPU
		{407663C9-7A36-4CDA-8B7E-0E2DC39610CF}.Debug|Any CPU.Build.0 = Debug|Any CPU
		{407663C9-7A36-4CDA-8B7E-0E2DC39610CF}.Release|Any CPU.ActiveCfg = Release|Any CPU
		{407663C9-7A36-4CDA-8B7E-0E2DC39610CF}.Release|Any CPU.Build.0 = Release|Any CPU
	EndGlobalSection
	GlobalSection(SolutionProperties) = preSolution
		HideSolutionNode = FALSE
	EndGlobalSection
	GlobalSection(ExtensibilityGlobals) = postSolution
		SolutionGuid = {57550894-665B-4C3F-8136-BB86E1E88882}
	EndGlobalSection
EndGlobal
